
Microsoft Visual Studio Solution File, Format Version 12.00
# Visual Studio 14
VisualStudioVersion = 14.0.23107.0
MinimumVisualStudioVersion = 10.0.40219.1
Project("{FAE04EC0-301F-11D3-BF4B-00C04F79EFBC}") = "01.SumOf3Numbers", "01.SumOf3Numbers\01.SumOf3Numbers.csproj", "{B804398C-7849-4F81-9263-C7012B1A0FA8}"
EndProject
Project("{FAE04EC0-301F-11D3-BF4B-00C04F79EFBC}") = "02.CompanyInfo", "02.CompanyInfo\02.CompanyInfo.csproj", "{A7784941-9FB2-4A1D-819B-C8447FFFB5E7}"
EndProject
Project("{FAE04EC0-301F-11D3-BF4B-00C04F79EFBC}") = "03.Circle", "03.Circle\03.Circle.csproj", "{3EA651E3-0492-40CA-9CDD-2B850F5D5F4A}"
EndProject
Project("{FAE04EC0-301F-11D3-BF4B-00C04F79EFBC}") = "04.FormattingNumbers", "04.FormattingNumbers\04.FormattingNumbers.csproj", "{09D8F63B-E15D-4159-A863-C00730B3516F}"
EndProject
Project("{FAE04EC0-301F-11D3-BF4B-00C04F79EFBC}") = "05.NumberComparer", "05.NumberComparer\05.NumberComparer.csproj", "{36D9F784-5298-49E5-8DDA-25B055FB3C31}"
EndProject
Project("{FAE04EC0-301F-11D3-BF4B-00C04F79EFBC}") = "06.QuadraticEquation", "06.QuadraticEquation\06.QuadraticEquation.csproj", "{26932F38-CBFA-4AA6-80A1-B5F402E0AA05}"
EndProject
Project("{FAE04EC0-301F-11D3-BF4B-00C04F79EFBC}") = "07.SumOf5Numbers", "07.SumOf5Numbers\07.SumOf5Numbers.csproj", "{7C812152-64A6-4895-BFEE-7430ADCE610E}"
EndProject
Project("{FAE04EC0-301F-11D3-BF4B-00C04F79EFBC}") = "08.NumbersFrom1ToN", "08.NumbersFrom1ToN\08.NumbersFrom1ToN.csproj", "{12B23FB4-D51A-4C4A-B24B-D214ADB7C48E}"
EndProject
Project("{FAE04EC0-301F-11D3-BF4B-00C04F79EFBC}") = "09.SumOfNNumbers", "09.SumOfNNumbers\09.SumOfNNumbers.csproj", "{C79216AC-5428-4D3C-826F-4B5636AA5DBA}"
EndProject
Project("{FAE04EC0-301F-11D3-BF4B-00C04F79EFBC}") = "10.FibonacciNumbers", "10.FibonacciNumbers\10.FibonacciNumbers.csproj", "{E8608773-2D2C-4DC7-8065-F23BECFB5234}"
EndProject
Project("{FAE04EC0-301F-11D3-BF4B-00C04F79EFBC}") = "11.Interval", "11.Interval\11.Interval.csproj", "{18F4C7E1-4934-435F-8769-D2AB4B55AF08}"
EndProject
Project("{FAE04EC0-301F-11D3-BF4B-00C04F79EFBC}") = "12.FallingRocks", "12.FallingRocks\12.FallingRocks.csproj", "{CEBC2759-B77C-4B87-ADF9-1C7470F2E203}"
EndProject
Global
	GlobalSection(SolutionConfigurationPlatforms) = preSolution
		Debug|Any CPU = Debug|Any CPU
		Release|Any CPU = Release|Any CPU
	EndGlobalSection
	GlobalSection(ProjectConfigurationPlatforms) = postSolution
		{B804398C-7849-4F81-9263-C7012B1A0FA8}.Debug|Any CPU.ActiveCfg = Debug|Any CPU
		{B804398C-7849-4F81-9263-C7012B1A0FA8}.Debug|Any CPU.Build.0 = Debug|Any CPU
		{B804398C-7849-4F81-9263-C7012B1A0FA8}.Release|Any CPU.ActiveCfg = Release|Any CPU
		{B804398C-7849-4F81-9263-C7012B1A0FA8}.Release|Any CPU.Build.0 = Release|Any CPU
		{A7784941-9FB2-4A1D-819B-C8447FFFB5E7}.Debug|Any CPU.ActiveCfg = Debug|Any CPU
		{A7784941-9FB2-4A1D-819B-C8447FFFB5E7}.Debug|Any CPU.Build.0 = Debug|Any CPU
		{A7784941-9FB2-4A1D-819B-C8447FFFB5E7}.Release|Any CPU.ActiveCfg = Release|Any CPU
		{A7784941-9FB2-4A1D-819B-C8447FFFB5E7}.Release|Any CPU.Build.0 = Release|Any CPU
		{3EA651E3-0492-40CA-9CDD-2B850F5D5F4A}.Debug|Any CPU.ActiveCfg = Debug|Any CPU
		{3EA651E3-0492-40CA-9CDD-2B850F5D5F4A}.Debug|Any CPU.Build.0 = Debug|Any CPU
		{3EA651E3-0492-40CA-9CDD-2B850F5D5F4A}.Release|Any CPU.ActiveCfg = Release|Any CPU
		{3EA651E3-0492-40CA-9CDD-2B850F5D5F4A}.Release|Any CPU.Build.0 = Release|Any CPU
		{09D8F63B-E15D-4159-A863-C00730B3516F}.Debug|Any CPU.ActiveCfg = Debug|Any CPU
		{09D8F63B-E15D-4159-A863-C00730B3516F}.Debug|Any CPU.Build.0 = Debug|Any CPU
		{09D8F63B-E15D-4159-A863-C00730B3516F}.Release|Any CPU.ActiveCfg = Release|Any CPU
		{09D8F63B-E15D-4159-A863-C00730B3516F}.Release|Any CPU.Build.0 = Release|Any CPU
		{36D9F784-5298-49E5-8DDA-25B055FB3C31}.Debug|Any CPU.ActiveCfg = Debug|Any CPU
		{36D9F784-5298-49E5-8DDA-25B055FB3C31}.Debug|Any CPU.Build.0 = Debug|Any CPU
		{36D9F784-5298-49E5-8DDA-25B055FB3C31}.Release|Any CPU.ActiveCfg = Release|Any CPU
		{36D9F784-5298-49E5-8DDA-25B055FB3C31}.Release|Any CPU.Build.0 = Release|Any CPU
		{26932F38-CBFA-4AA6-80A1-B5F402E0AA05}.Debug|Any CPU.ActiveCfg = Debug|Any CPU
		{26932F38-CBFA-4AA6-80A1-B5F402E0AA05}.Debug|Any CPU.Build.0 = Debug|Any CPU
		{26932F38-CBFA-4AA6-80A1-B5F402E0AA05}.Release|Any CPU.ActiveCfg = Release|Any CPU
		{26932F38-CBFA-4AA6-80A1-B5F402E0AA05}.Release|Any CPU.Build.0 = Release|Any CPU
		{7C812152-64A6-4895-BFEE-7430ADCE610E}.Debug|Any CPU.ActiveCfg = Debug|Any CPU
		{7C812152-64A6-4895-BFEE-7430ADCE610E}.Debug|Any CPU.Build.0 = Debug|Any CPU
		{7C812152-64A6-4895-BFEE-7430ADCE610E}.Release|Any CPU.ActiveCfg = Release|Any CPU
		{7C812152-64A6-4895-BFEE-7430ADCE610E}.Release|Any CPU.Build.0 = Release|Any CPU
		{12B23FB4-D51A-4C4A-B24B-D214ADB7C48E}.Debug|Any CPU.ActiveCfg = Debug|Any CPU
		{12B23FB4-D51A-4C4A-B24B-D214ADB7C48E}.Debug|Any CPU.Build.0 = Debug|Any CPU
		{12B23FB4-D51A-4C4A-B24B-D214ADB7C48E}.Release|Any CPU.ActiveCfg = Release|Any CPU
		{12B23FB4-D51A-4C4A-B24B-D214ADB7C48E}.Release|Any CPU.Build.0 = Release|Any CPU
		{C79216AC-5428-4D3C-826F-4B5636AA5DBA}.Debug|Any CPU.ActiveCfg = Debug|Any CPU
		{C79216AC-5428-4D3C-826F-4B5636AA5DBA}.Debug|Any CPU.Build.0 = Debug|Any CPU
		{C79216AC-5428-4D3C-826F-4B5636AA5DBA}.Release|Any CPU.ActiveCfg = Release|Any CPU
		{C79216AC-5428-4D3C-826F-4B5636AA5DBA}.Release|Any CPU.Build.0 = Release|Any CPU
		{E8608773-2D2C-4DC7-8065-F23BECFB5234}.Debug|Any CPU.ActiveCfg = Debug|Any CPU
		{E8608773-2D2C-4DC7-8065-F23BECFB5234}.Debug|Any CPU.Build.0 = Debug|Any CPU
		{E8608773-2D2C-4DC7-8065-F23BECFB5234}.Release|Any CPU.ActiveCfg = Release|Any CPU
		{E8608773-2D2C-4DC7-8065-F23BECFB5234}.Release|Any CPU.Build.0 = Release|Any CPU
		{18F4C7E1-4934-435F-8769-D2AB4B55AF08}.Debug|Any CPU.ActiveCfg = Debug|Any CPU
		{18F4C7E1-4934-435F-8769-D2AB4B55AF08}.Debug|Any CPU.Build.0 = Debug|Any CPU
		{18F4C7E1-4934-435F-8769-D2AB4B55AF08}.Release|Any CPU.ActiveCfg = Release|Any CPU
		{18F4C7E1-4934-435F-8769-D2AB4B55AF08}.Release|Any CPU.Build.0 = Release|Any CPU
		{CEBC2759-B77C-4B87-ADF9-1C7470F2E203}.Debug|Any CPU.ActiveCfg = Debug|Any CPU
		{CEBC2759-B77C-4B87-ADF9-1C7470F2E203}.Debug|Any CPU.Build.0 = Debug|Any CPU
		{CEBC2759-B77C-4B87-ADF9-1C7470F2E203}.Release|Any CPU.ActiveCfg = Release|Any CPU
		{CEBC2759-B77C-4B87-ADF9-1C7470F2E203}.Release|Any CPU.Build.0 = Release|Any CPU
	EndGlobalSection
	GlobalSection(SolutionProperties) = preSolution
		HideSolutionNode = FALSE
	EndGlobalSection
EndGlobal
