
Microsoft Visual Studio Solution File, Format Version 12.00
# Visual Studio 14
VisualStudioVersion = 14.0.23107.0
MinimumVisualStudioVersion = 10.0.40219.1
Project("{FAE04EC0-301F-11D3-BF4B-00C04F79EFBC}") = "01.AllocateArray", "01.AllocateArray\01.AllocateArray.csproj", "{9ABF6DE3-91F3-4345-B3EA-245BB269E915}"
EndProject
Project("{FAE04EC0-301F-11D3-BF4B-00C04F79EFBC}") = "02.CompareArrays", "02.CompareArrays\02.CompareArrays.csproj", "{36B7ED17-10B7-4E92-92C2-6992A638A002}"
EndProject
Project("{FAE04EC0-301F-11D3-BF4B-00C04F79EFBC}") = "03.CompareCharArrays", "03.CompareCharArrays\03.CompareCharArrays.csproj", "{D0864BE5-857B-493B-9817-BED6E67A01C8}"
EndProject
Project("{FAE04EC0-301F-11D3-BF4B-00C04F79EFBC}") = "04.MaximalSequence", "04.MaximalSequence\04.MaximalSequence.csproj", "{31F362E6-989E-4F10-9223-64F3B5E85976}"
EndProject
Project("{FAE04EC0-301F-11D3-BF4B-00C04F79EFBC}") = "05.MaximalIncreasingSequence", "05.MaximalIncreasingSequence\05.MaximalIncreasingSequence.csproj", "{EEAE03C7-E402-4FE8-B39B-EFB8B08EA416}"
EndProject
Project("{FAE04EC0-301F-11D3-BF4B-00C04F79EFBC}") = "06.MaximalKSum", "06.MaximalKSum\06.MaximalKSum.csproj", "{5D707C84-682B-4F80-90B2-A3BB06BF2889}"
EndProject
Project("{FAE04EC0-301F-11D3-BF4B-00C04F79EFBC}") = "07.SelectionSort", "07.SelectionSort\07.SelectionSort.csproj", "{B0E8A0B4-588D-4952-9F47-FC01F6C80E3C}"
EndProject
Project("{FAE04EC0-301F-11D3-BF4B-00C04F79EFBC}") = "08.MaximalSum", "08.MaximalSum\08.MaximalSum.csproj", "{B05BAC6A-31C4-4762-A83E-6F713E677D8F}"
EndProject
Project("{FAE04EC0-301F-11D3-BF4B-00C04F79EFBC}") = "09.FrequentNumber", "09.FrequentNumber\09.FrequentNumber.csproj", "{CC7258A9-5D8B-493E-BE32-9A2AA6C40580}"
EndProject
Project("{FAE04EC0-301F-11D3-BF4B-00C04F79EFBC}") = "10.FindSumInArray", "10.FindSumInArray\10.FindSumInArray.csproj", "{2A104935-E7F5-4B12-9D39-B336CA61CDEE}"
EndProject
Project("{FAE04EC0-301F-11D3-BF4B-00C04F79EFBC}") = "11.BinarySearch", "11.BinarySearch\11.BinarySearch.csproj", "{BA6763E0-EA05-469F-9E82-F6CD9CAA5931}"
EndProject
Project("{FAE04EC0-301F-11D3-BF4B-00C04F79EFBC}") = "12.IndexOfLetters", "12.IndexOfLetters\12.IndexOfLetters.csproj", "{303C7E85-6D56-48CF-942C-67E9A123FF1D}"
EndProject
Project("{FAE04EC0-301F-11D3-BF4B-00C04F79EFBC}") = "13.MergeSort", "13.MergeSort\13.MergeSort.csproj", "{2A1A0B4E-D435-4839-8CF4-D694107D80BD}"
EndProject
Project("{FAE04EC0-301F-11D3-BF4B-00C04F79EFBC}") = "14.QuickSort", "14.QuickSort\14.QuickSort.csproj", "{5836E5AF-5074-48B6-89C8-6086241F1FA4}"
EndProject
Project("{FAE04EC0-301F-11D3-BF4B-00C04F79EFBC}") = "15.PrimeNumbers", "15.PrimeNumbers\15.PrimeNumbers.csproj", "{A381653E-32DB-44F7-83B3-F6574344BA6C}"
EndProject
Project("{FAE04EC0-301F-11D3-BF4B-00C04F79EFBC}") = "16.SubsetWithSumS", "16.SubsetWithSumS\16.SubsetWithSumS.csproj", "{4AEED60A-90CC-4CD5-BC40-A14F1177A390}"
EndProject
Project("{FAE04EC0-301F-11D3-BF4B-00C04F79EFBC}") = "17.SubsetKWithSumS", "17.SubsetKWithSumS\17.SubsetKWithSumS.csproj", "{E44D7BA1-1BE2-43DB-BBDF-873CCB755795}"
EndProject
Project("{FAE04EC0-301F-11D3-BF4B-00C04F79EFBC}") = "18.RemoveElementsFromArray", "18.RemoveElementsFromArray\18.RemoveElementsFromArray.csproj", "{5621CF94-F1AC-4D10-BCFE-AE7395EC8B9E}"
EndProject
Project("{FAE04EC0-301F-11D3-BF4B-00C04F79EFBC}") = "19.PermutationOfSet", "19.PermutationOfSet\19.PermutationOfSet.csproj", "{DFA99732-263A-4CA4-BCF8-B09E6A53BF7C}"
EndProject
Project("{FAE04EC0-301F-11D3-BF4B-00C04F79EFBC}") = "20.VariationsOfSet", "20.VariationsOfSet\20.VariationsOfSet.csproj", "{7B2E3A60-9FB2-42E9-8780-6E47D8B03942}"
EndProject
Project("{FAE04EC0-301F-11D3-BF4B-00C04F79EFBC}") = "21.CombinationsPfSet", "21.CombinationsPfSet\21.CombinationsPfSet.csproj", "{03CD4510-5F65-4A9E-A084-F0314A10C3C6}"
EndProject
Global
	GlobalSection(SolutionConfigurationPlatforms) = preSolution
		Debug|Any CPU = Debug|Any CPU
		Release|Any CPU = Release|Any CPU
	EndGlobalSection
	GlobalSection(ProjectConfigurationPlatforms) = postSolution
		{9ABF6DE3-91F3-4345-B3EA-245BB269E915}.Debug|Any CPU.ActiveCfg = Debug|Any CPU
		{9ABF6DE3-91F3-4345-B3EA-245BB269E915}.Debug|Any CPU.Build.0 = Debug|Any CPU
		{9ABF6DE3-91F3-4345-B3EA-245BB269E915}.Release|Any CPU.ActiveCfg = Release|Any CPU
		{9ABF6DE3-91F3-4345-B3EA-245BB269E915}.Release|Any CPU.Build.0 = Release|Any CPU
		{36B7ED17-10B7-4E92-92C2-6992A638A002}.Debug|Any CPU.ActiveCfg = Debug|Any CPU
		{36B7ED17-10B7-4E92-92C2-6992A638A002}.Debug|Any CPU.Build.0 = Debug|Any CPU
		{36B7ED17-10B7-4E92-92C2-6992A638A002}.Release|Any CPU.ActiveCfg = Release|Any CPU
		{36B7ED17-10B7-4E92-92C2-6992A638A002}.Release|Any CPU.Build.0 = Release|Any CPU
		{D0864BE5-857B-493B-9817-BED6E67A01C8}.Debug|Any CPU.ActiveCfg = Debug|Any CPU
		{D0864BE5-857B-493B-9817-BED6E67A01C8}.Debug|Any CPU.Build.0 = Debug|Any CPU
		{D0864BE5-857B-493B-9817-BED6E67A01C8}.Release|Any CPU.ActiveCfg = Release|Any CPU
		{D0864BE5-857B-493B-9817-BED6E67A01C8}.Release|Any CPU.Build.0 = Release|Any CPU
		{31F362E6-989E-4F10-9223-64F3B5E85976}.Debug|Any CPU.ActiveCfg = Debug|Any CPU
		{31F362E6-989E-4F10-9223-64F3B5E85976}.Debug|Any CPU.Build.0 = Debug|Any CPU
		{31F362E6-989E-4F10-9223-64F3B5E85976}.Release|Any CPU.ActiveCfg = Release|Any CPU
		{31F362E6-989E-4F10-9223-64F3B5E85976}.Release|Any CPU.Build.0 = Release|Any CPU
		{EEAE03C7-E402-4FE8-B39B-EFB8B08EA416}.Debug|Any CPU.ActiveCfg = Debug|Any CPU
		{EEAE03C7-E402-4FE8-B39B-EFB8B08EA416}.Debug|Any CPU.Build.0 = Debug|Any CPU
		{EEAE03C7-E402-4FE8-B39B-EFB8B08EA416}.Release|Any CPU.ActiveCfg = Release|Any CPU
		{EEAE03C7-E402-4FE8-B39B-EFB8B08EA416}.Release|Any CPU.Build.0 = Release|Any CPU
		{5D707C84-682B-4F80-90B2-A3BB06BF2889}.Debug|Any CPU.ActiveCfg = Debug|Any CPU
		{5D707C84-682B-4F80-90B2-A3BB06BF2889}.Debug|Any CPU.Build.0 = Debug|Any CPU
		{5D707C84-682B-4F80-90B2-A3BB06BF2889}.Release|Any CPU.ActiveCfg = Release|Any CPU
		{5D707C84-682B-4F80-90B2-A3BB06BF2889}.Release|Any CPU.Build.0 = Release|Any CPU
		{B0E8A0B4-588D-4952-9F47-FC01F6C80E3C}.Debug|Any CPU.ActiveCfg = Debug|Any CPU
		{B0E8A0B4-588D-4952-9F47-FC01F6C80E3C}.Debug|Any CPU.Build.0 = Debug|Any CPU
		{B0E8A0B4-588D-4952-9F47-FC01F6C80E3C}.Release|Any CPU.ActiveCfg = Release|Any CPU
		{B0E8A0B4-588D-4952-9F47-FC01F6C80E3C}.Release|Any CPU.Build.0 = Release|Any CPU
		{B05BAC6A-31C4-4762-A83E-6F713E677D8F}.Debug|Any CPU.ActiveCfg = Debug|Any CPU
		{B05BAC6A-31C4-4762-A83E-6F713E677D8F}.Debug|Any CPU.Build.0 = Debug|Any CPU
		{B05BAC6A-31C4-4762-A83E-6F713E677D8F}.Release|Any CPU.ActiveCfg = Release|Any CPU
		{B05BAC6A-31C4-4762-A83E-6F713E677D8F}.Release|Any CPU.Build.0 = Release|Any CPU
		{CC7258A9-5D8B-493E-BE32-9A2AA6C40580}.Debug|Any CPU.ActiveCfg = Debug|Any CPU
		{CC7258A9-5D8B-493E-BE32-9A2AA6C40580}.Debug|Any CPU.Build.0 = Debug|Any CPU
		{CC7258A9-5D8B-493E-BE32-9A2AA6C40580}.Release|Any CPU.ActiveCfg = Release|Any CPU
		{CC7258A9-5D8B-493E-BE32-9A2AA6C40580}.Release|Any CPU.Build.0 = Release|Any CPU
		{2A104935-E7F5-4B12-9D39-B336CA61CDEE}.Debug|Any CPU.ActiveCfg = Debug|Any CPU
		{2A104935-E7F5-4B12-9D39-B336CA61CDEE}.Debug|Any CPU.Build.0 = Debug|Any CPU
		{2A104935-E7F5-4B12-9D39-B336CA61CDEE}.Release|Any CPU.ActiveCfg = Release|Any CPU
		{2A104935-E7F5-4B12-9D39-B336CA61CDEE}.Release|Any CPU.Build.0 = Release|Any CPU
		{BA6763E0-EA05-469F-9E82-F6CD9CAA5931}.Debug|Any CPU.ActiveCfg = Debug|Any CPU
		{BA6763E0-EA05-469F-9E82-F6CD9CAA5931}.Debug|Any CPU.Build.0 = Debug|Any CPU
		{BA6763E0-EA05-469F-9E82-F6CD9CAA5931}.Release|Any CPU.ActiveCfg = Release|Any CPU
		{BA6763E0-EA05-469F-9E82-F6CD9CAA5931}.Release|Any CPU.Build.0 = Release|Any CPU
		{303C7E85-6D56-48CF-942C-67E9A123FF1D}.Debug|Any CPU.ActiveCfg = Debug|Any CPU
		{303C7E85-6D56-48CF-942C-67E9A123FF1D}.Debug|Any CPU.Build.0 = Debug|Any CPU
		{303C7E85-6D56-48CF-942C-67E9A123FF1D}.Release|Any CPU.ActiveCfg = Release|Any CPU
		{303C7E85-6D56-48CF-942C-67E9A123FF1D}.Release|Any CPU.Build.0 = Release|Any CPU
		{2A1A0B4E-D435-4839-8CF4-D694107D80BD}.Debug|Any CPU.ActiveCfg = Debug|Any CPU
		{2A1A0B4E-D435-4839-8CF4-D694107D80BD}.Debug|Any CPU.Build.0 = Debug|Any CPU
		{2A1A0B4E-D435-4839-8CF4-D694107D80BD}.Release|Any CPU.ActiveCfg = Release|Any CPU
		{2A1A0B4E-D435-4839-8CF4-D694107D80BD}.Release|Any CPU.Build.0 = Release|Any CPU
		{5836E5AF-5074-48B6-89C8-6086241F1FA4}.Debug|Any CPU.ActiveCfg = Debug|Any CPU
		{5836E5AF-5074-48B6-89C8-6086241F1FA4}.Debug|Any CPU.Build.0 = Debug|Any CPU
		{5836E5AF-5074-48B6-89C8-6086241F1FA4}.Release|Any CPU.ActiveCfg = Release|Any CPU
		{5836E5AF-5074-48B6-89C8-6086241F1FA4}.Release|Any CPU.Build.0 = Release|Any CPU
		{A381653E-32DB-44F7-83B3-F6574344BA6C}.Debug|Any CPU.ActiveCfg = Debug|Any CPU
		{A381653E-32DB-44F7-83B3-F6574344BA6C}.Debug|Any CPU.Build.0 = Debug|Any CPU
		{A381653E-32DB-44F7-83B3-F6574344BA6C}.Release|Any CPU.ActiveCfg = Release|Any CPU
		{A381653E-32DB-44F7-83B3-F6574344BA6C}.Release|Any CPU.Build.0 = Release|Any CPU
		{4AEED60A-90CC-4CD5-BC40-A14F1177A390}.Debug|Any CPU.ActiveCfg = Debug|Any CPU
		{4AEED60A-90CC-4CD5-BC40-A14F1177A390}.Debug|Any CPU.Build.0 = Debug|Any CPU
		{4AEED60A-90CC-4CD5-BC40-A14F1177A390}.Release|Any CPU.ActiveCfg = Release|Any CPU
		{4AEED60A-90CC-4CD5-BC40-A14F1177A390}.Release|Any CPU.Build.0 = Release|Any CPU
		{E44D7BA1-1BE2-43DB-BBDF-873CCB755795}.Debug|Any CPU.ActiveCfg = Debug|Any CPU
		{E44D7BA1-1BE2-43DB-BBDF-873CCB755795}.Debug|Any CPU.Build.0 = Debug|Any CPU
		{E44D7BA1-1BE2-43DB-BBDF-873CCB755795}.Release|Any CPU.ActiveCfg = Release|Any CPU
		{E44D7BA1-1BE2-43DB-BBDF-873CCB755795}.Release|Any CPU.Build.0 = Release|Any CPU
		{5621CF94-F1AC-4D10-BCFE-AE7395EC8B9E}.Debug|Any CPU.ActiveCfg = Debug|Any CPU
		{5621CF94-F1AC-4D10-BCFE-AE7395EC8B9E}.Debug|Any CPU.Build.0 = Debug|Any CPU
		{5621CF94-F1AC-4D10-BCFE-AE7395EC8B9E}.Release|Any CPU.ActiveCfg = Release|Any CPU
		{5621CF94-F1AC-4D10-BCFE-AE7395EC8B9E}.Release|Any CPU.Build.0 = Release|Any CPU
		{DFA99732-263A-4CA4-BCF8-B09E6A53BF7C}.Debug|Any CPU.ActiveCfg = Debug|Any CPU
		{DFA99732-263A-4CA4-BCF8-B09E6A53BF7C}.Debug|Any CPU.Build.0 = Debug|Any CPU
		{DFA99732-263A-4CA4-BCF8-B09E6A53BF7C}.Release|Any CPU.ActiveCfg = Release|Any CPU
		{DFA99732-263A-4CA4-BCF8-B09E6A53BF7C}.Release|Any CPU.Build.0 = Release|Any CPU
		{7B2E3A60-9FB2-42E9-8780-6E47D8B03942}.Debug|Any CPU.ActiveCfg = Debug|Any CPU
		{7B2E3A60-9FB2-42E9-8780-6E47D8B03942}.Debug|Any CPU.Build.0 = Debug|Any CPU
		{7B2E3A60-9FB2-42E9-8780-6E47D8B03942}.Release|Any CPU.ActiveCfg = Release|Any CPU
		{7B2E3A60-9FB2-42E9-8780-6E47D8B03942}.Release|Any CPU.Build.0 = Release|Any CPU
		{03CD4510-5F65-4A9E-A084-F0314A10C3C6}.Debug|Any CPU.ActiveCfg = Debug|Any CPU
		{03CD4510-5F65-4A9E-A084-F0314A10C3C6}.Debug|Any CPU.Build.0 = Debug|Any CPU
		{03CD4510-5F65-4A9E-A084-F0314A10C3C6}.Release|Any CPU.ActiveCfg = Release|Any CPU
		{03CD4510-5F65-4A9E-A084-F0314A10C3C6}.Release|Any CPU.Build.0 = Release|Any CPU
	EndGlobalSection
	GlobalSection(SolutionProperties) = preSolution
		HideSolutionNode = FALSE
	EndGlobalSection
EndGlobal
